// !$*UTF8*$!
{
	archiveVersion = 1;
	classes = {
	};
	objectVersion = 46;
	objects = {

/* Begin PBXBuildFile section */
		A598CE18DA784EDCCC7FD4A7 /* Pods.framework in Frameworks */ = {isa = PBXBuildFile; fileRef = 084B27B309C84B7B3E9290A8 /* Pods.framework */; };
		E4D95F381C76C7FA00AFA22D /* AppDelegate.swift in Sources */ = {isa = PBXBuildFile; fileRef = E4D95F371C76C7FA00AFA22D /* AppDelegate.swift */; };
		E4D95F3A1C76C7FA00AFA22D /* LoginViewController.swift in Sources */ = {isa = PBXBuildFile; fileRef = E4D95F391C76C7FA00AFA22D /* LoginViewController.swift */; };
		E4D95F3D1C76C7FA00AFA22D /* Main.storyboard in Resources */ = {isa = PBXBuildFile; fileRef = E4D95F3B1C76C7FA00AFA22D /* Main.storyboard */; };
		E4D95F401C76C7FA00AFA22D /* vTweetz.xcdatamodeld in Sources */ = {isa = PBXBuildFile; fileRef = E4D95F3E1C76C7FA00AFA22D /* vTweetz.xcdatamodeld */; };
		E4D95F421C76C7FA00AFA22D /* Assets.xcassets in Resources */ = {isa = PBXBuildFile; fileRef = E4D95F411C76C7FA00AFA22D /* Assets.xcassets */; };
		E4D95F451C76C7FA00AFA22D /* LaunchScreen.storyboard in Resources */ = {isa = PBXBuildFile; fileRef = E4D95F431C76C7FA00AFA22D /* LaunchScreen.storyboard */; };
		E4D95F521C76CCEA00AFA22D /* TwitterAPI.swift in Sources */ = {isa = PBXBuildFile; fileRef = E4D95F511C76CCEA00AFA22D /* TwitterAPI.swift */; };
		E4D95F541C76CCF900AFA22D /* HTTPClient.swift in Sources */ = {isa = PBXBuildFile; fileRef = E4D95F531C76CCF900AFA22D /* HTTPClient.swift */; };
		E4D95F561C76CDE400AFA22D /* PersistenceManager.swift in Sources */ = {isa = PBXBuildFile; fileRef = E4D95F551C76CDE400AFA22D /* PersistenceManager.swift */; };
		E4D95F581C76E52700AFA22D /* User.swift in Sources */ = {isa = PBXBuildFile; fileRef = E4D95F571C76E52700AFA22D /* User.swift */; };
		E4D95F5A1C76E54600AFA22D /* Tweet.swift in Sources */ = {isa = PBXBuildFile; fileRef = E4D95F591C76E54600AFA22D /* Tweet.swift */; };
		E4D95F5C1C770CC900AFA22D /* HomeViewController.swift in Sources */ = {isa = PBXBuildFile; fileRef = E4D95F5B1C770CC900AFA22D /* HomeViewController.swift */; };
/* End PBXBuildFile section */

/* Begin PBXFileReference section */
		084B27B309C84B7B3E9290A8 /* Pods.framework */ = {isa = PBXFileReference; explicitFileType = wrapper.framework; includeInIndex = 0; path = Pods.framework; sourceTree = BUILT_PRODUCTS_DIR; };
		B06A8A39E63F7A102E7BAD92 /* Pods.release.xcconfig */ = {isa = PBXFileReference; includeInIndex = 1; lastKnownFileType = text.xcconfig; name = Pods.release.xcconfig; path = "Pods/Target Support Files/Pods/Pods.release.xcconfig"; sourceTree = "<group>"; };
		BD0276182C1408D7449B3B60 /* Pods.debug.xcconfig */ = {isa = PBXFileReference; includeInIndex = 1; lastKnownFileType = text.xcconfig; name = Pods.debug.xcconfig; path = "Pods/Target Support Files/Pods/Pods.debug.xcconfig"; sourceTree = "<group>"; };
		E4D95F341C76C7FA00AFA22D /* vTweetz.app */ = {isa = PBXFileReference; explicitFileType = wrapper.application; includeInIndex = 0; path = vTweetz.app; sourceTree = BUILT_PRODUCTS_DIR; };
		E4D95F371C76C7FA00AFA22D /* AppDelegate.swift */ = {isa = PBXFileReference; lastKnownFileType = sourcecode.swift; path = AppDelegate.swift; sourceTree = "<group>"; };
		E4D95F391C76C7FA00AFA22D /* LoginViewController.swift */ = {isa = PBXFileReference; lastKnownFileType = sourcecode.swift; path = LoginViewController.swift; sourceTree = "<group>"; };
		E4D95F3C1C76C7FA00AFA22D /* Base */ = {isa = PBXFileReference; lastKnownFileType = file.storyboard; name = Base; path = Base.lproj/Main.storyboard; sourceTree = "<group>"; };
		E4D95F3F1C76C7FA00AFA22D /* vTweetz.xcdatamodel */ = {isa = PBXFileReference; lastKnownFileType = wrapper.xcdatamodel; path = vTweetz.xcdatamodel; sourceTree = "<group>"; };
		E4D95F411C76C7FA00AFA22D /* Assets.xcassets */ = {isa = PBXFileReference; lastKnownFileType = folder.assetcatalog; path = Assets.xcassets; sourceTree = "<group>"; };
		E4D95F441C76C7FA00AFA22D /* Base */ = {isa = PBXFileReference; lastKnownFileType = file.storyboard; name = Base; path = Base.lproj/LaunchScreen.storyboard; sourceTree = "<group>"; };
		E4D95F461C76C7FA00AFA22D /* Info.plist */ = {isa = PBXFileReference; lastKnownFileType = text.plist.xml; path = Info.plist; sourceTree = "<group>"; };
		E4D95F511C76CCEA00AFA22D /* TwitterAPI.swift */ = {isa = PBXFileReference; fileEncoding = 4; lastKnownFileType = sourcecode.swift; path = TwitterAPI.swift; sourceTree = "<group>"; };
		E4D95F531C76CCF900AFA22D /* HTTPClient.swift */ = {isa = PBXFileReference; fileEncoding = 4; lastKnownFileType = sourcecode.swift; path = HTTPClient.swift; sourceTree = "<group>"; };
		E4D95F551C76CDE400AFA22D /* PersistenceManager.swift */ = {isa = PBXFileReference; fileEncoding = 4; lastKnownFileType = sourcecode.swift; path = PersistenceManager.swift; sourceTree = "<group>"; };
		E4D95F571C76E52700AFA22D /* User.swift */ = {isa = PBXFileReference; fileEncoding = 4; lastKnownFileType = sourcecode.swift; path = User.swift; sourceTree = "<group>"; };
		E4D95F591C76E54600AFA22D /* Tweet.swift */ = {isa = PBXFileReference; fileEncoding = 4; lastKnownFileType = sourcecode.swift; path = Tweet.swift; sourceTree = "<group>"; };
		E4D95F5B1C770CC900AFA22D /* HomeViewController.swift */ = {isa = PBXFileReference; fileEncoding = 4; lastKnownFileType = sourcecode.swift; path = HomeViewController.swift; sourceTree = "<group>"; };
/* End PBXFileReference section */

/* Begin PBXFrameworksBuildPhase section */
		E4D95F311C76C7FA00AFA22D /* Frameworks */ = {
			isa = PBXFrameworksBuildPhase;
			buildActionMask = 2147483647;
			files = (
				A598CE18DA784EDCCC7FD4A7 /* Pods.framework in Frameworks */,
			);
			runOnlyForDeploymentPostprocessing = 0;
		};
/* End PBXFrameworksBuildPhase section */

/* Begin PBXGroup section */
		ACBAA6434ADA7CFB0FC7827E /* Frameworks */ = {
			isa = PBXGroup;
			children = (
				084B27B309C84B7B3E9290A8 /* Pods.framework */,
			);
			name = Frameworks;
			sourceTree = "<group>";
		};
		D9E5C9D23BE793251ECBFCF0 /* Pods */ = {
			isa = PBXGroup;
			children = (
				BD0276182C1408D7449B3B60 /* Pods.debug.xcconfig */,
				B06A8A39E63F7A102E7BAD92 /* Pods.release.xcconfig */,
			);
			name = Pods;
			sourceTree = "<group>";
		};
		E4D95F2B1C76C7FA00AFA22D = {
			isa = PBXGroup;
			children = (
				E4D95F361C76C7FA00AFA22D /* vTweetz */,
				E4D95F351C76C7FA00AFA22D /* Products */,
				D9E5C9D23BE793251ECBFCF0 /* Pods */,
				ACBAA6434ADA7CFB0FC7827E /* Frameworks */,
			);
			sourceTree = "<group>";
		};
		E4D95F351C76C7FA00AFA22D /* Products */ = {
			isa = PBXGroup;
			children = (
				E4D95F341C76C7FA00AFA22D /* vTweetz.app */,
			);
			name = Products;
			sourceTree = "<group>";
		};
		E4D95F361C76C7FA00AFA22D /* vTweetz */ = {
			isa = PBXGroup;
			children = (
				E4D95F371C76C7FA00AFA22D /* AppDelegate.swift */,
				E4D95F501C76CBD700AFA22D /* API */,
				E4D95F4F1C76CB9B00AFA22D /* Controllers */,
				E4D95F4E1C76CB9200AFA22D /* Models */,
				E4D95F4D1C76CB8700AFA22D /* Supporting Files */,
				E4D95F4C1C76CB7200AFA22D /* Views */,
				E4D95F3B1C76C7FA00AFA22D /* Main.storyboard */,
				E4D95F411C76C7FA00AFA22D /* Assets.xcassets */,
				E4D95F431C76C7FA00AFA22D /* LaunchScreen.storyboard */,
				E4D95F3E1C76C7FA00AFA22D /* vTweetz.xcdatamodeld */,
			);
			path = vTweetz;
			sourceTree = "<group>";
		};
		E4D95F4C1C76CB7200AFA22D /* Views */ = {
			isa = PBXGroup;
			children = (
			);
			name = Views;
			sourceTree = "<group>";
		};
		E4D95F4D1C76CB8700AFA22D /* Supporting Files */ = {
			isa = PBXGroup;
			children = (
				E4D95F461C76C7FA00AFA22D /* Info.plist */,
			);
			name = "Supporting Files";
			sourceTree = "<group>";
		};
		E4D95F4E1C76CB9200AFA22D /* Models */ = {
			isa = PBXGroup;
			children = (
				E4D95F571C76E52700AFA22D /* User.swift */,
				E4D95F591C76E54600AFA22D /* Tweet.swift */,
			);
			name = Models;
			sourceTree = "<group>";
		};
		E4D95F4F1C76CB9B00AFA22D /* Controllers */ = {
			isa = PBXGroup;
			children = (
				E4D95F391C76C7FA00AFA22D /* LoginViewController.swift */,
				E4D95F5B1C770CC900AFA22D /* HomeViewController.swift */,
			);
			name = Controllers;
			sourceTree = "<group>";
		};
		E4D95F501C76CBD700AFA22D /* API */ = {
			isa = PBXGroup;
			children = (
				E4D95F511C76CCEA00AFA22D /* TwitterAPI.swift */,
				E4D95F531C76CCF900AFA22D /* HTTPClient.swift */,
				E4D95F551C76CDE400AFA22D /* PersistenceManager.swift */,
			);
			name = API;
			sourceTree = "<group>";
		};
/* End PBXGroup section */

/* Begin PBXNativeTarget section */
		E4D95F331C76C7FA00AFA22D /* vTweetz */ = {
			isa = PBXNativeTarget;
			buildConfigurationList = E4D95F491C76C7FA00AFA22D /* Build configuration list for PBXNativeTarget "vTweetz" */;
			buildPhases = (
				A98ABBC9EEF06E93CBAA251D /* Check Pods Manifest.lock */,
				E4D95F301C76C7FA00AFA22D /* Sources */,
				E4D95F311C76C7FA00AFA22D /* Frameworks */,
				E4D95F321C76C7FA00AFA22D /* Resources */,
				D403FE88D36D158891A4B5C1 /* Embed Pods Frameworks */,
				30021D7628A92D8EF90CC578 /* Copy Pods Resources */,
			);
			buildRules = (
			);
			dependencies = (
			);
			name = vTweetz;
			productName = vTweetz;
			productReference = E4D95F341C76C7FA00AFA22D /* vTweetz.app */;
			productType = "com.apple.product-type.application";
		};
/* End PBXNativeTarget section */

/* Begin PBXProject section */
		E4D95F2C1C76C7FA00AFA22D /* Project object */ = {
			isa = PBXProject;
			attributes = {
				LastSwiftUpdateCheck = 0720;
				LastUpgradeCheck = 0720;
				ORGANIZATIONNAME = vnu;
				TargetAttributes = {
					E4D95F331C76C7FA00AFA22D = {
						CreatedOnToolsVersion = 7.2.1;
					};
				};
			};
			buildConfigurationList = E4D95F2F1C76C7FA00AFA22D /* Build configuration list for PBXProject "vTweetz" */;
			compatibilityVersion = "Xcode 3.2";
			developmentRegion = English;
			hasScannedForEncodings = 0;
			knownRegions = (
				en,
				Base,
			);
			mainGroup = E4D95F2B1C76C7FA00AFA22D;
			productRefGroup = E4D95F351C76C7FA00AFA22D /* Products */;
			projectDirPath = "";
			projectRoot = "";
			targets = (
				E4D95F331C76C7FA00AFA22D /* vTweetz */,
			);
		};
/* End PBXProject section */

/* Begin PBXResourcesBuildPhase section */
		E4D95F321C76C7FA00AFA22D /* Resources */ = {
			isa = PBXResourcesBuildPhase;
			buildActionMask = 2147483647;
			files = (
				E4D95F451C76C7FA00AFA22D /* LaunchScreen.storyboard in Resources */,
				E4D95F421C76C7FA00AFA22D /* Assets.xcassets in Resources */,
				E4D95F3D1C76C7FA00AFA22D /* Main.storyboard in Resources */,
			);
			runOnlyForDeploymentPostprocessing = 0;
		};
/* End PBXResourcesBuildPhase section */

/* Begin PBXShellScriptBuildPhase section */
		30021D7628A92D8EF90CC578 /* Copy Pods Resources */ = {
			isa = PBXShellScriptBuildPhase;
			buildActionMask = 2147483647;
			files = (
			);
			inputPaths = (
			);
			name = "Copy Pods Resources";
			outputPaths = (
			);
			runOnlyForDeploymentPostprocessing = 0;
			shellPath = /bin/sh;
			shellScript = "\"${SRCROOT}/Pods/Target Support Files/Pods/Pods-resources.sh\"\n";
			showEnvVarsInLog = 0;
		};
		A98ABBC9EEF06E93CBAA251D /* Check Pods Manifest.lock */ = {
			isa = PBXShellScriptBuildPhase;
			buildActionMask = 2147483647;
			files = (
			);
			inputPaths = (
			);
			name = "Check Pods Manifest.lock";
			outputPaths = (
			);
			runOnlyForDeploymentPostprocessing = 0;
			shellPath = /bin/sh;
			shellScript = "diff \"${PODS_ROOT}/../Podfile.lock\" \"${PODS_ROOT}/Manifest.lock\" > /dev/null\nif [[ $? != 0 ]] ; then\n    cat << EOM\nerror: The sandbox is not in sync with the Podfile.lock. Run 'pod install' or update your CocoaPods installation.\nEOM\n    exit 1\nfi\n";
			showEnvVarsInLog = 0;
		};
		D403FE88D36D158891A4B5C1 /* Embed Pods Frameworks */ = {
			isa = PBXShellScriptBuildPhase;
			buildActionMask = 2147483647;
			files = (
			);
			inputPaths = (
			);
			name = "Embed Pods Frameworks";
			outputPaths = (
			);
			runOnlyForDeploymentPostprocessing = 0;
			shellPath = /bin/sh;
			shellScript = "\"${SRCROOT}/Pods/Target Support Files/Pods/Pods-frameworks.sh\"\n";
			showEnvVarsInLog = 0;
		};
/* End PBXShellScriptBuildPhase section */

/* Begin PBXSourcesBuildPhase section */
		E4D95F301C76C7FA00AFA22D /* Sources */ = {
			isa = PBXSourcesBuildPhase;
			buildActionMask = 2147483647;
			files = (
				E4D95F3A1C76C7FA00AFA22D /* LoginViewController.swift in Sources */,
				E4D95F541C76CCF900AFA22D /* HTTPClient.swift in Sources */,
				E4D95F521C76CCEA00AFA22D /* TwitterAPI.swift in Sources */,
				E4D95F561C76CDE400AFA22D /* PersistenceManager.swift in Sources */,
				E4D95F381C76C7FA00AFA22D /* AppDelegate.swift in Sources */,
				E4D95F5C1C770CC900AFA22D /* HomeViewController.swift in Sources */,
				E4D95F401C76C7FA00AFA22D /* vTweetz.xcdatamodeld in Sources */,
				E4D95F581C76E52700AFA22D /* User.swift in Sources */,
				E4D95F5A1C76E54600AFA22D /* Tweet.swift in Sources */,
			);
			runOnlyForDeploymentPostprocessing = 0;
		};
/* End PBXSourcesBuildPhase section */

/* Begin PBXVariantGroup section */
		E4D95F3B1C76C7FA00AFA22D /* Main.storyboard */ = {
			isa = PBXVariantGroup;
			children = (
				E4D95F3C1C76C7FA00AFA22D /* Base */,
			);
			name = Main.storyboard;
			sourceTree = "<group>";
		};
		E4D95F431C76C7FA00AFA22D /* LaunchScreen.storyboard */ = {
			isa = PBXVariantGroup;
			children = (
				E4D95F441C76C7FA00AFA22D /* Base */,
			);
			name = LaunchScreen.storyboard;
			sourceTree = "<group>";
		};
/* End PBXVariantGroup section */

/* Begin XCBuildConfiguration section */
		E4D95F471C76C7FA00AFA22D /* Debug */ = {
			isa = XCBuildConfiguration;
			buildSettings = {
				ALWAYS_SEARCH_USER_PATHS = NO;
				CLANG_CXX_LANGUAGE_STANDARD = "gnu++0x";
				CLANG_CXX_LIBRARY = "libc++";
				CLANG_ENABLE_MODULES = YES;
				CLANG_ENABLE_OBJC_ARC = YES;
				CLANG_WARN_BOOL_CONVERSION = YES;
				CLANG_WARN_CONSTANT_CONVERSION = YES;
				CLANG_WARN_DIRECT_OBJC_ISA_USAGE = YES_ERROR;
				CLANG_WARN_EMPTY_BODY = YES;
				CLANG_WARN_ENUM_CONVERSION = YES;
				CLANG_WARN_INT_CONVERSION = YES;
				CLANG_WARN_OBJC_ROOT_CLASS = YES_ERROR;
				CLANG_WARN_UNREACHABLE_CODE = YES;
				CLANG_WARN__DUPLICATE_METHOD_MATCH = YES;
				"CODE_SIGN_IDENTITY[sdk=iphoneos*]" = "iPhone Developer";
				COPY_PHASE_STRIP = NO;
				DEBUG_INFORMATION_FORMAT = dwarf;
				ENABLE_STRICT_OBJC_MSGSEND = YES;
				ENABLE_TESTABILITY = YES;
				GCC_C_LANGUAGE_STANDARD = gnu99;
				GCC_DYNAMIC_NO_PIC = NO;
				GCC_NO_COMMON_BLOCKS = YES;
				GCC_OPTIMIZATION_LEVEL = 0;
				GCC_PREPROCESSOR_DEFINITIONS = (
					"DEBUG=1",
					"$(inherited)",
				);
				GCC_WARN_64_TO_32_BIT_CONVERSION = YES;
				GCC_WARN_ABOUT_RETURN_TYPE = YES_ERROR;
				GCC_WARN_UNDECLARED_SELECTOR = YES;
				GCC_WARN_UNINITIALIZED_AUTOS = YES_AGGRESSIVE;
				GCC_WARN_UNUSED_FUNCTION = YES;
				GCC_WARN_UNUSED_VARIABLE = YES;
				IPHONEOS_DEPLOYMENT_TARGET = 9.2;
				MTL_ENABLE_DEBUG_INFO = YES;
				ONLY_ACTIVE_ARCH = YES;
				SDKROOT = iphoneos;
				SWIFT_OPTIMIZATION_LEVEL = "-Onone";
				TARGETED_DEVICE_FAMILY = "1,2";
			};
			name = Debug;
		};
		E4D95F481C76C7FA00AFA22D /* Release */ = {
			isa = XCBuildConfiguration;
			buildSettings = {
				ALWAYS_SEARCH_USER_PATHS = NO;
				CLANG_CXX_LANGUAGE_STANDARD = "gnu++0x";
				CLANG_CXX_LIBRARY = "libc++";
				CLANG_ENABLE_MODULES = YES;
				CLANG_ENABLE_OBJC_ARC = YES;
				CLANG_WARN_BOOL_CONVERSION = YES;
				CLANG_WARN_CONSTANT_CONVERSION = YES;
				CLANG_WARN_DIRECT_OBJC_ISA_USAGE = YES_ERROR;
				CLANG_WARN_EMPTY_BODY = YES;
				CLANG_WARN_ENUM_CONVERSION = YES;
				CLANG_WARN_INT_CONVERSION = YES;
				CLANG_WARN_OBJC_ROOT_CLASS = YES_ERROR;
				CLANG_WARN_UNREACHABLE_CODE = YES;
				CLANG_WARN__DUPLICATE_METHOD_MATCH = YES;
				"CODE_SIGN_IDENTITY[sdk=iphoneos*]" = "iPhone Developer";
				COPY_PHASE_STRIP = NO;
				DEBUG_INFORMATION_FORMAT = "dwarf-with-dsym";
				ENABLE_NS_ASSERTIONS = NO;
				ENABLE_STRICT_OBJC_MSGSEND = YES;
				GCC_C_LANGUAGE_STANDARD = gnu99;
				GCC_NO_COMMON_BLOCKS = YES;
				GCC_WARN_64_TO_32_BIT_CONVERSION = YES;
				GCC_WARN_ABOUT_RETURN_TYPE = YES_ERROR;
				GCC_WARN_UNDECLARED_SELECTOR = YES;
				GCC_WARN_UNINITIALIZED_AUTOS = YES_AGGRESSIVE;
				GCC_WARN_UNUSED_FUNCTION = YES;
				GCC_WARN_UNUSED_VARIABLE = YES;
				IPHONEOS_DEPLOYMENT_TARGET = 9.2;
				MTL_ENABLE_DEBUG_INFO = NO;
				SDKROOT = iphoneos;
				TARGETED_DEVICE_FAMILY = "1,2";
				VALIDATE_PRODUCT = YES;
			};
			name = Release;
		};
		E4D95F4A1C76C7FA00AFA22D /* Debug */ = {
			isa = XCBuildConfiguration;
			baseConfigurationReference = BD0276182C1408D7449B3B60 /* Pods.debug.xcconfig */;
			buildSettings = {
				ASSETCATALOG_COMPILER_APPICON_NAME = AppIcon;
				INFOPLIST_FILE = vTweetz/Info.plist;
				LD_RUNPATH_SEARCH_PATHS = "$(inherited) @executable_path/Frameworks";
				PRODUCT_BUNDLE_IDENTIFIER = com.vnu.vTweetz;
				PRODUCT_NAME = "$(TARGET_NAME)";
			};
			name = Debug;
		};
		E4D95F4B1C76C7FA00AFA22D /* Release */ = {
			isa = XCBuildConfiguration;
			baseConfigurationReference = B06A8A39E63F7A102E7BAD92 /* Pods.release.xcconfig */;
			buildSettings = {
				ASSETCATALOG_COMPILER_APPICON_NAME = AppIcon;
				INFOPLIST_FILE = vTweetz/Info.plist;
				LD_RUNPATH_SEARCH_PATHS = "$(inherited) @executable_path/Frameworks";
				PRODUCT_BUNDLE_IDENTIFIER = com.vnu.vTweetz;
				PRODUCT_NAME = "$(TARGET_NAME)";
			};
			name = Release;
		};
/* End XCBuildConfiguration section */

/* Begin XCConfigurationList section */
		E4D95F2F1C76C7FA00AFA22D /* Build configuration list for PBXProject "vTweetz" */ = {
			isa = XCConfigurationList;
			buildConfigurations = (
				E4D95F471C76C7FA00AFA22D /* Debug */,
				E4D95F481C76C7FA00AFA22D /* Release */,
			);
			defaultConfigurationIsVisible = 0;
			defaultConfigurationName = Release;
		};
		E4D95F491C76C7FA00AFA22D /* Build configuration list for PBXNativeTarget "vTweetz" */ = {
			isa = XCConfigurationList;
			buildConfigurations = (
				E4D95F4A1C76C7FA00AFA22D /* Debug */,
				E4D95F4B1C76C7FA00AFA22D /* Release */,
			);
			defaultConfigurationIsVisible = 0;
			defaultConfigurationName = Release;
		};
/* End XCConfigurationList section */

/* Begin XCVersionGroup section */
		E4D95F3E1C76C7FA00AFA22D /* vTweetz.xcdatamodeld */ = {
			isa = XCVersionGroup;
			children = (
				E4D95F3F1C76C7FA00AFA22D /* vTweetz.xcdatamodel */,
			);
			currentVersion = E4D95F3F1C76C7FA00AFA22D /* vTweetz.xcdatamodel */;
			path = vTweetz.xcdatamodeld;
			sourceTree = "<group>";
			versionGroupType = wrapper.xcdatamodel;
		};
/* End XCVersionGroup section */
	};
	rootObject = E4D95F2C1C76C7FA00AFA22D /* Project object */;
}
